
Microsoft Visual Studio Solution File, Format Version 12.00
# Visual Studio Version 16
VisualStudioVersion = 16.0.32802.440
MinimumVisualStudioVersion = 10.0.40219.1
Project("{9A19103F-16F7-4668-BE54-9A1E7A4F7556}") = "I01Tema01-Introduccion", "I01Tema01-Introduccion\I01Tema01-Introduccion.csproj", "{8A45B6B5-1093-4777-8A78-726F10E13891}"
EndProject
Project("{9A19103F-16F7-4668-BE54-9A1E7A4F7556}") = "I02Tema01-Introduccion", "I02Tema01-Introduccion\I02Tema01-Introduccion.csproj", "{DA8793E1-BE30-40E6-8A04-4EC73A73810D}"
EndProject
Project("{9A19103F-16F7-4668-BE54-9A1E7A4F7556}") = "I03Tema01-Introduccion", "I03Tema01-Introduccion\I03Tema01-Introduccion.csproj", "{B98FDB59-9833-4986-81EC-620DE1FF4461}"
EndProject
Project("{9A19103F-16F7-4668-BE54-9A1E7A4F7556}") = "I04Tema01-Introduccion", "I04Tema01-Introduccion\I04Tema01-Introduccion.csproj", "{09523411-E3ED-4969-9752-5572E95BFF6C}"
EndProject
Project("{9A19103F-16F7-4668-BE54-9A1E7A4F7556}") = "I05Tema01-Introduccion", "I05Tema01-Introduccion\I05Tema01-Introduccion.csproj", "{505A7847-EFE9-45F6-B1D0-F5CA3CE90A66}"
EndProject
Project("{9A19103F-16F7-4668-BE54-9A1E7A4F7556}") = "I06Tema01-Introduccion", "I06Tema01-Introduccion\I06Tema01-Introduccion.csproj", "{C02B479D-5D86-4B36-AF8C-BA7B27A27CE7}"
EndProject
Project("{FAE04EC0-301F-11D3-BF4B-00C04F79EFBC}") = "I07Tema01-Introduccion", "I07Tema01-Introduccion\I07Tema01-Introduccion.csproj", "{940651FF-76A0-42B9-B2B4-F33B723C0451}"
EndProject
Project("{FAE04EC0-301F-11D3-BF4B-00C04F79EFBC}") = "I08Tema01-Introduccion", "I08Tema01-Introduccion\I08Tema01-Introduccion.csproj", "{5328D1E0-491D-47A1-AD7E-B543FCF230B5}"
EndProject
Project("{FAE04EC0-301F-11D3-BF4B-00C04F79EFBC}") = "I09Tema01-Introduccion", "I09Tema01-Introduccion\I09Tema01-Introduccion.csproj", "{5F7F6847-E14C-4A09-866E-A6AED719CA42}"
EndProject
Global
	GlobalSection(SolutionConfigurationPlatforms) = preSolution
		Debug|Any CPU = Debug|Any CPU
		Release|Any CPU = Release|Any CPU
	EndGlobalSection
	GlobalSection(ProjectConfigurationPlatforms) = postSolution
		{8A45B6B5-1093-4777-8A78-726F10E13891}.Debug|Any CPU.ActiveCfg = Debug|Any CPU
		{8A45B6B5-1093-4777-8A78-726F10E13891}.Debug|Any CPU.Build.0 = Debug|Any CPU
		{8A45B6B5-1093-4777-8A78-726F10E13891}.Release|Any CPU.ActiveCfg = Release|Any CPU
		{8A45B6B5-1093-4777-8A78-726F10E13891}.Release|Any CPU.Build.0 = Release|Any CPU
		{DA8793E1-BE30-40E6-8A04-4EC73A73810D}.Debug|Any CPU.ActiveCfg = Debug|Any CPU
		{DA8793E1-BE30-40E6-8A04-4EC73A73810D}.Debug|Any CPU.Build.0 = Debug|Any CPU
		{DA8793E1-BE30-40E6-8A04-4EC73A73810D}.Release|Any CPU.ActiveCfg = Release|Any CPU
		{DA8793E1-BE30-40E6-8A04-4EC73A73810D}.Release|Any CPU.Build.0 = Release|Any CPU
		{B98FDB59-9833-4986-81EC-620DE1FF4461}.Debug|Any CPU.ActiveCfg = Debug|Any CPU
		{B98FDB59-9833-4986-81EC-620DE1FF4461}.Debug|Any CPU.Build.0 = Debug|Any CPU
		{B98FDB59-9833-4986-81EC-620DE1FF4461}.Release|Any CPU.ActiveCfg = Release|Any CPU
		{B98FDB59-9833-4986-81EC-620DE1FF4461}.Release|Any CPU.Build.0 = Release|Any CPU
		{09523411-E3ED-4969-9752-5572E95BFF6C}.Debug|Any CPU.ActiveCfg = Debug|Any CPU
		{09523411-E3ED-4969-9752-5572E95BFF6C}.Debug|Any CPU.Build.0 = Debug|Any CPU
		{09523411-E3ED-4969-9752-5572E95BFF6C}.Release|Any CPU.ActiveCfg = Release|Any CPU
		{09523411-E3ED-4969-9752-5572E95BFF6C}.Release|Any CPU.Build.0 = Release|Any CPU
		{505A7847-EFE9-45F6-B1D0-F5CA3CE90A66}.Debug|Any CPU.ActiveCfg = Debug|Any CPU
		{505A7847-EFE9-45F6-B1D0-F5CA3CE90A66}.Debug|Any CPU.Build.0 = Debug|Any CPU
		{505A7847-EFE9-45F6-B1D0-F5CA3CE90A66}.Release|Any CPU.ActiveCfg = Release|Any CPU
		{505A7847-EFE9-45F6-B1D0-F5CA3CE90A66}.Release|Any CPU.Build.0 = Release|Any CPU
		{C02B479D-5D86-4B36-AF8C-BA7B27A27CE7}.Debug|Any CPU.ActiveCfg = Debug|Any CPU
		{C02B479D-5D86-4B36-AF8C-BA7B27A27CE7}.Debug|Any CPU.Build.0 = Debug|Any CPU
		{C02B479D-5D86-4B36-AF8C-BA7B27A27CE7}.Release|Any CPU.ActiveCfg = Release|Any CPU
		{C02B479D-5D86-4B36-AF8C-BA7B27A27CE7}.Release|Any CPU.Build.0 = Release|Any CPU
		{940651FF-76A0-42B9-B2B4-F33B723C0451}.Debug|Any CPU.ActiveCfg = Debug|Any CPU
		{940651FF-76A0-42B9-B2B4-F33B723C0451}.Debug|Any CPU.Build.0 = Debug|Any CPU
		{940651FF-76A0-42B9-B2B4-F33B723C0451}.Release|Any CPU.ActiveCfg = Release|Any CPU
		{940651FF-76A0-42B9-B2B4-F33B723C0451}.Release|Any CPU.Build.0 = Release|Any CPU
		{5328D1E0-491D-47A1-AD7E-B543FCF230B5}.Debug|Any CPU.ActiveCfg = Debug|Any CPU
		{5328D1E0-491D-47A1-AD7E-B543FCF230B5}.Debug|Any CPU.Build.0 = Debug|Any CPU
		{5328D1E0-491D-47A1-AD7E-B543FCF230B5}.Release|Any CPU.ActiveCfg = Release|Any CPU
		{5328D1E0-491D-47A1-AD7E-B543FCF230B5}.Release|Any CPU.Build.0 = Release|Any CPU
		{5F7F6847-E14C-4A09-866E-A6AED719CA42}.Debug|Any CPU.ActiveCfg = Debug|Any CPU
		{5F7F6847-E14C-4A09-866E-A6AED719CA42}.Debug|Any CPU.Build.0 = Debug|Any CPU
		{5F7F6847-E14C-4A09-866E-A6AED719CA42}.Release|Any CPU.ActiveCfg = Release|Any CPU
		{5F7F6847-E14C-4A09-866E-A6AED719CA42}.Release|Any CPU.Build.0 = Release|Any CPU
	EndGlobalSection
	GlobalSection(SolutionProperties) = preSolution
		HideSolutionNode = FALSE
	EndGlobalSection
	GlobalSection(ExtensibilityGlobals) = postSolution
		SolutionGuid = {A7E5C66C-86BC-48EB-96DC-E5F22C355900}
	EndGlobalSection
EndGlobal
