
Microsoft Visual Studio Solution File, Format Version 12.00
# Visual Studio Version 16
VisualStudioVersion = 16.0.32802.440
MinimumVisualStudioVersion = 10.0.40219.1
Project("{FAE04EC0-301F-11D3-BF4B-00C04F79EFBC}") = "I01Tema01-Introduccion", "I01Tema01-Introduccion\I01Tema01-Introduccion.csproj", "{8A45B6B5-1093-4777-8A78-726F10E13891}"
EndProject
Global
	GlobalSection(SolutionConfigurationPlatforms) = preSolution
		Debug|Any CPU = Debug|Any CPU
		Release|Any CPU = Release|Any CPU
	EndGlobalSection
	GlobalSection(ProjectConfigurationPlatforms) = postSolution
		{8A45B6B5-1093-4777-8A78-726F10E13891}.Debug|Any CPU.ActiveCfg = Debug|Any CPU
		{8A45B6B5-1093-4777-8A78-726F10E13891}.Debug|Any CPU.Build.0 = Debug|Any CPU
		{8A45B6B5-1093-4777-8A78-726F10E13891}.Release|Any CPU.ActiveCfg = Release|Any CPU
		{8A45B6B5-1093-4777-8A78-726F10E13891}.Release|Any CPU.Build.0 = Release|Any CPU
	EndGlobalSection
	GlobalSection(SolutionProperties) = preSolution
		HideSolutionNode = FALSE
	EndGlobalSection
	GlobalSection(ExtensibilityGlobals) = postSolution
		SolutionGuid = {A7E5C66C-86BC-48EB-96DC-E5F22C355900}
	EndGlobalSection
EndGlobal
