
Microsoft Visual Studio Solution File, Format Version 12.00
# Visual Studio Version 16
VisualStudioVersion = 16.0.32802.440
MinimumVisualStudioVersion = 10.0.40219.1
Project("{FAE04EC0-301F-11D3-BF4B-00C04F79EFBC}") = "A02Tema03-ProgramacionOrientada", "A02Tema03-ProgramacionOrientada\A02Tema03-ProgramacionOrientada.csproj", "{D88C4DF0-9C77-4D3D-968D-90D96DD81F54}"
EndProject
Project("{FAE04EC0-301F-11D3-BF4B-00C04F79EFBC}") = "Entidades", "Entidades\Entidades.csproj", "{57E96D94-6672-4FB8-A8F7-A1518BAEA1B3}"
EndProject
Global
	GlobalSection(SolutionConfigurationPlatforms) = preSolution
		Debug|Any CPU = Debug|Any CPU
		Release|Any CPU = Release|Any CPU
	EndGlobalSection
	GlobalSection(ProjectConfigurationPlatforms) = postSolution
		{D88C4DF0-9C77-4D3D-968D-90D96DD81F54}.Debug|Any CPU.ActiveCfg = Debug|Any CPU
		{D88C4DF0-9C77-4D3D-968D-90D96DD81F54}.Debug|Any CPU.Build.0 = Debug|Any CPU
		{D88C4DF0-9C77-4D3D-968D-90D96DD81F54}.Release|Any CPU.ActiveCfg = Release|Any CPU
		{D88C4DF0-9C77-4D3D-968D-90D96DD81F54}.Release|Any CPU.Build.0 = Release|Any CPU
		{57E96D94-6672-4FB8-A8F7-A1518BAEA1B3}.Debug|Any CPU.ActiveCfg = Debug|Any CPU
		{57E96D94-6672-4FB8-A8F7-A1518BAEA1B3}.Debug|Any CPU.Build.0 = Debug|Any CPU
		{57E96D94-6672-4FB8-A8F7-A1518BAEA1B3}.Release|Any CPU.ActiveCfg = Release|Any CPU
		{57E96D94-6672-4FB8-A8F7-A1518BAEA1B3}.Release|Any CPU.Build.0 = Release|Any CPU
	EndGlobalSection
	GlobalSection(SolutionProperties) = preSolution
		HideSolutionNode = FALSE
	EndGlobalSection
	GlobalSection(ExtensibilityGlobals) = postSolution
		SolutionGuid = {FEDFACE7-E158-4A77-BBBC-7639CB255B4B}
	EndGlobalSection
EndGlobal
