
Microsoft Visual Studio Solution File, Format Version 12.00
# Visual Studio Version 16
VisualStudioVersion = 16.0.32802.440
MinimumVisualStudioVersion = 10.0.40219.1
Project("{FAE04EC0-301F-11D3-BF4B-00C04F79EFBC}") = "I02Tema03-ProgramacionOriendada", "I02Tema03-ProgramacionOriendada\I02Tema03-ProgramacionOriendada.csproj", "{7F8781BC-8E31-47BE-9185-FAC2BD824066}"
EndProject
Project("{FAE04EC0-301F-11D3-BF4B-00C04F79EFBC}") = "Entidades", "Entidades\Entidades.csproj", "{4E22D5B0-F614-49A5-B011-EABA469E382F}"
EndProject
Global
	GlobalSection(SolutionConfigurationPlatforms) = preSolution
		Debug|Any CPU = Debug|Any CPU
		Release|Any CPU = Release|Any CPU
	EndGlobalSection
	GlobalSection(ProjectConfigurationPlatforms) = postSolution
		{7F8781BC-8E31-47BE-9185-FAC2BD824066}.Debug|Any CPU.ActiveCfg = Debug|Any CPU
		{7F8781BC-8E31-47BE-9185-FAC2BD824066}.Debug|Any CPU.Build.0 = Debug|Any CPU
		{7F8781BC-8E31-47BE-9185-FAC2BD824066}.Release|Any CPU.ActiveCfg = Release|Any CPU
		{7F8781BC-8E31-47BE-9185-FAC2BD824066}.Release|Any CPU.Build.0 = Release|Any CPU
		{4E22D5B0-F614-49A5-B011-EABA469E382F}.Debug|Any CPU.ActiveCfg = Debug|Any CPU
		{4E22D5B0-F614-49A5-B011-EABA469E382F}.Debug|Any CPU.Build.0 = Debug|Any CPU
		{4E22D5B0-F614-49A5-B011-EABA469E382F}.Release|Any CPU.ActiveCfg = Release|Any CPU
		{4E22D5B0-F614-49A5-B011-EABA469E382F}.Release|Any CPU.Build.0 = Release|Any CPU
	EndGlobalSection
	GlobalSection(SolutionProperties) = preSolution
		HideSolutionNode = FALSE
	EndGlobalSection
	GlobalSection(ExtensibilityGlobals) = postSolution
		SolutionGuid = {7FB6DDF5-7D96-4412-8234-1542572FF50F}
	EndGlobalSection
EndGlobal
