
Microsoft Visual Studio Solution File, Format Version 12.00
# Visual Studio Version 16
VisualStudioVersion = 16.0.32802.440
MinimumVisualStudioVersion = 10.0.40219.1
Project("{FAE04EC0-301F-11D3-BF4B-00C04F79EFBC}") = "I05Tema03-ProgramacionOrientada", "I05Tema03-ProgramacionOrientada\I05Tema03-ProgramacionOrientada.csproj", "{51732676-1F34-42AD-AEAF-44695B97EBE5}"
EndProject
Project("{FAE04EC0-301F-11D3-BF4B-00C04F79EFBC}") = "Geometria", "Geometria\Geometria.csproj", "{1F46E251-9A50-4261-877C-662A9443E86D}"
EndProject
Global
	GlobalSection(SolutionConfigurationPlatforms) = preSolution
		Debug|Any CPU = Debug|Any CPU
		Release|Any CPU = Release|Any CPU
	EndGlobalSection
	GlobalSection(ProjectConfigurationPlatforms) = postSolution
		{51732676-1F34-42AD-AEAF-44695B97EBE5}.Debug|Any CPU.ActiveCfg = Debug|Any CPU
		{51732676-1F34-42AD-AEAF-44695B97EBE5}.Debug|Any CPU.Build.0 = Debug|Any CPU
		{51732676-1F34-42AD-AEAF-44695B97EBE5}.Release|Any CPU.ActiveCfg = Release|Any CPU
		{51732676-1F34-42AD-AEAF-44695B97EBE5}.Release|Any CPU.Build.0 = Release|Any CPU
		{1F46E251-9A50-4261-877C-662A9443E86D}.Debug|Any CPU.ActiveCfg = Debug|Any CPU
		{1F46E251-9A50-4261-877C-662A9443E86D}.Debug|Any CPU.Build.0 = Debug|Any CPU
		{1F46E251-9A50-4261-877C-662A9443E86D}.Release|Any CPU.ActiveCfg = Release|Any CPU
		{1F46E251-9A50-4261-877C-662A9443E86D}.Release|Any CPU.Build.0 = Release|Any CPU
	EndGlobalSection
	GlobalSection(SolutionProperties) = preSolution
		HideSolutionNode = FALSE
	EndGlobalSection
	GlobalSection(ExtensibilityGlobals) = postSolution
		SolutionGuid = {0E8A3091-C7E7-45B9-975D-11C326561753}
	EndGlobalSection
EndGlobal
